// !$*UTF8*$!
{
	archiveVersion = 1;
	classes = {
	};
	objectVersion = 55;
	objects = {

/* Begin PBXBuildFile section */
		BD1C8ED22883A269007EAF08 /* AppDelegate.swift in Sources */ = {isa = PBXBuildFile; fileRef = BD1C8ED12883A269007EAF08 /* AppDelegate.swift */; };
		BD1C8ED42883A269007EAF08 /* SceneDelegate.swift in Sources */ = {isa = PBXBuildFile; fileRef = BD1C8ED32883A269007EAF08 /* SceneDelegate.swift */; };
		BD1C8ED62883A269007EAF08 /* ViewController.swift in Sources */ = {isa = PBXBuildFile; fileRef = BD1C8ED52883A269007EAF08 /* ViewController.swift */; };
		BD1C8ED92883A269007EAF08 /* Main.storyboard in Resources */ = {isa = PBXBuildFile; fileRef = BD1C8ED72883A269007EAF08 /* Main.storyboard */; };
		BD1C8EDB2883A26C007EAF08 /* Assets.xcassets in Resources */ = {isa = PBXBuildFile; fileRef = BD1C8EDA2883A26C007EAF08 /* Assets.xcassets */; };
		BD1C8EDE2883A26C007EAF08 /* LaunchScreen.storyboard in Resources */ = {isa = PBXBuildFile; fileRef = BD1C8EDC2883A26C007EAF08 /* LaunchScreen.storyboard */; };
		BD1C8EE92883A26C007EAF08 /* PreworkTests.swift in Sources */ = {isa = PBXBuildFile; fileRef = BD1C8EE82883A26C007EAF08 /* PreworkTests.swift */; };
		BD1C8EF32883A26C007EAF08 /* PreworkUITests.swift in Sources */ = {isa = PBXBuildFile; fileRef = BD1C8EF22883A26C007EAF08 /* PreworkUITests.swift */; };
		BD1C8EF52883A26C007EAF08 /* PreworkUITestsLaunchTests.swift in Sources */ = {isa = PBXBuildFile; fileRef = BD1C8EF42883A26C007EAF08 /* PreworkUITestsLaunchTests.swift */; };
		BD1C8F022883ADBE007EAF08 /* SettingsViewController.swift in Sources */ = {isa = PBXBuildFile; fileRef = BD1C8F012883ADBE007EAF08 /* SettingsViewController.swift */; };
		BD1C8F042883BEDA007EAF08 /* UserDefault.swift in Sources */ = {isa = PBXBuildFile; fileRef = BD1C8F032883BEDA007EAF08 /* UserDefault.swift */; };
/* End PBXBuildFile section */

/* Begin PBXContainerItemProxy section */
		BD1C8EE52883A26C007EAF08 /* PBXContainerItemProxy */ = {
			isa = PBXContainerItemProxy;
			containerPortal = BD1C8EC62883A269007EAF08 /* Project object */;
			proxyType = 1;
			remoteGlobalIDString = BD1C8ECD2883A269007EAF08;
			remoteInfo = Prework;
		};
		BD1C8EEF2883A26C007EAF08 /* PBXContainerItemProxy */ = {
			isa = PBXContainerItemProxy;
			containerPortal = BD1C8EC62883A269007EAF08 /* Project object */;
			proxyType = 1;
			remoteGlobalIDString = BD1C8ECD2883A269007EAF08;
			remoteInfo = Prework;
		};
/* End PBXContainerItemProxy section */

/* Begin PBXFileReference section */
		BD1C8ECE2883A269007EAF08 /* Prework.app */ = {isa = PBXFileReference; explicitFileType = wrapper.application; includeInIndex = 0; path = Prework.app; sourceTree = BUILT_PRODUCTS_DIR; };
		BD1C8ED12883A269007EAF08 /* AppDelegate.swift */ = {isa = PBXFileReference; lastKnownFileType = sourcecode.swift; path = AppDelegate.swift; sourceTree = "<group>"; };
		BD1C8ED32883A269007EAF08 /* SceneDelegate.swift */ = {isa = PBXFileReference; lastKnownFileType = sourcecode.swift; path = SceneDelegate.swift; sourceTree = "<group>"; };
		BD1C8ED52883A269007EAF08 /* ViewController.swift */ = {isa = PBXFileReference; lastKnownFileType = sourcecode.swift; path = ViewController.swift; sourceTree = "<group>"; };
		BD1C8ED82883A269007EAF08 /* Base */ = {isa = PBXFileReference; lastKnownFileType = file.storyboard; name = Base; path = Base.lproj/Main.storyboard; sourceTree = "<group>"; };
		BD1C8EDA2883A26C007EAF08 /* Assets.xcassets */ = {isa = PBXFileReference; lastKnownFileType = folder.assetcatalog; path = Assets.xcassets; sourceTree = "<group>"; };
		BD1C8EDD2883A26C007EAF08 /* Base */ = {isa = PBXFileReference; lastKnownFileType = file.storyboard; name = Base; path = Base.lproj/LaunchScreen.storyboard; sourceTree = "<group>"; };
		BD1C8EDF2883A26C007EAF08 /* Info.plist */ = {isa = PBXFileReference; lastKnownFileType = text.plist.xml; path = Info.plist; sourceTree = "<group>"; };
		BD1C8EE42883A26C007EAF08 /* PreworkTests.xctest */ = {isa = PBXFileReference; explicitFileType = wrapper.cfbundle; includeInIndex = 0; path = PreworkTests.xctest; sourceTree = BUILT_PRODUCTS_DIR; };
		BD1C8EE82883A26C007EAF08 /* PreworkTests.swift */ = {isa = PBXFileReference; lastKnownFileType = sourcecode.swift; path = PreworkTests.swift; sourceTree = "<group>"; };
		BD1C8EEE2883A26C007EAF08 /* PreworkUITests.xctest */ = {isa = PBXFileReference; explicitFileType = wrapper.cfbundle; includeInIndex = 0; path = PreworkUITests.xctest; sourceTree = BUILT_PRODUCTS_DIR; };
		BD1C8EF22883A26C007EAF08 /* PreworkUITests.swift */ = {isa = PBXFileReference; lastKnownFileType = sourcecode.swift; path = PreworkUITests.swift; sourceTree = "<group>"; };
		BD1C8EF42883A26C007EAF08 /* PreworkUITestsLaunchTests.swift */ = {isa = PBXFileReference; lastKnownFileType = sourcecode.swift; path = PreworkUITestsLaunchTests.swift; sourceTree = "<group>"; };
		BD1C8F012883ADBE007EAF08 /* SettingsViewController.swift */ = {isa = PBXFileReference; lastKnownFileType = sourcecode.swift; path = SettingsViewController.swift; sourceTree = "<group>"; };
		BD1C8F032883BEDA007EAF08 /* UserDefault.swift */ = {isa = PBXFileReference; lastKnownFileType = sourcecode.swift; path = UserDefault.swift; sourceTree = "<group>"; };
/* End PBXFileReference section */

/* Begin PBXFrameworksBuildPhase section */
		BD1C8ECB2883A269007EAF08 /* Frameworks */ = {
			isa = PBXFrameworksBuildPhase;
			buildActionMask = 2147483647;
			files = (
			);
			runOnlyForDeploymentPostprocessing = 0;
		};
		BD1C8EE12883A26C007EAF08 /* Frameworks */ = {
			isa = PBXFrameworksBuildPhase;
			buildActionMask = 2147483647;
			files = (
			);
			runOnlyForDeploymentPostprocessing = 0;
		};
		BD1C8EEB2883A26C007EAF08 /* Frameworks */ = {
			isa = PBXFrameworksBuildPhase;
			buildActionMask = 2147483647;
			files = (
			);
			runOnlyForDeploymentPostprocessing = 0;
		};
/* End PBXFrameworksBuildPhase section */

/* Begin PBXGroup section */
		BD1C8EC52883A269007EAF08 = {
			isa = PBXGroup;
			children = (
				BD1C8ED02883A269007EAF08 /* Prework */,
				BD1C8EE72883A26C007EAF08 /* PreworkTests */,
				BD1C8EF12883A26C007EAF08 /* PreworkUITests */,
				BD1C8ECF2883A269007EAF08 /* Products */,
			);
			sourceTree = "<group>";
		};
		BD1C8ECF2883A269007EAF08 /* Products */ = {
			isa = PBXGroup;
			children = (
				BD1C8ECE2883A269007EAF08 /* Prework.app */,
				BD1C8EE42883A26C007EAF08 /* PreworkTests.xctest */,
				BD1C8EEE2883A26C007EAF08 /* PreworkUITests.xctest */,
			);
			name = Products;
			sourceTree = "<group>";
		};
		BD1C8ED02883A269007EAF08 /* Prework */ = {
			isa = PBXGroup;
			children = (
				BD1C8F012883ADBE007EAF08 /* SettingsViewController.swift */,
				BD1C8F032883BEDA007EAF08 /* UserDefault.swift */,
				BD1C8ED12883A269007EAF08 /* AppDelegate.swift */,
				BD1C8ED32883A269007EAF08 /* SceneDelegate.swift */,
				BD1C8ED52883A269007EAF08 /* ViewController.swift */,
				BD1C8ED72883A269007EAF08 /* Main.storyboard */,
				BD1C8EDA2883A26C007EAF08 /* Assets.xcassets */,
				BD1C8EDC2883A26C007EAF08 /* LaunchScreen.storyboard */,
				BD1C8EDF2883A26C007EAF08 /* Info.plist */,
			);
			path = Prework;
			sourceTree = "<group>";
		};
		BD1C8EE72883A26C007EAF08 /* PreworkTests */ = {
			isa = PBXGroup;
			children = (
				BD1C8EE82883A26C007EAF08 /* PreworkTests.swift */,
			);
			path = PreworkTests;
			sourceTree = "<group>";
		};
		BD1C8EF12883A26C007EAF08 /* PreworkUITests */ = {
			isa = PBXGroup;
			children = (
				BD1C8EF22883A26C007EAF08 /* PreworkUITests.swift */,
				BD1C8EF42883A26C007EAF08 /* PreworkUITestsLaunchTests.swift */,
			);
			path = PreworkUITests;
			sourceTree = "<group>";
		};
/* End PBXGroup section */

/* Begin PBXNativeTarget section */
		BD1C8ECD2883A269007EAF08 /* Prework */ = {
			isa = PBXNativeTarget;
			buildConfigurationList = BD1C8EF82883A26D007EAF08 /* Build configuration list for PBXNativeTarget "Prework" */;
			buildPhases = (
				BD1C8ECA2883A269007EAF08 /* Sources */,
				BD1C8ECB2883A269007EAF08 /* Frameworks */,
				BD1C8ECC2883A269007EAF08 /* Resources */,
			);
			buildRules = (
			);
			dependencies = (
			);
			name = Prework;
			productName = Prework;
			productReference = BD1C8ECE2883A269007EAF08 /* Prework.app */;
			productType = "com.apple.product-type.application";
		};
		BD1C8EE32883A26C007EAF08 /* PreworkTests */ = {
			isa = PBXNativeTarget;
			buildConfigurationList = BD1C8EFB2883A26D007EAF08 /* Build configuration list for PBXNativeTarget "PreworkTests" */;
			buildPhases = (
				BD1C8EE02883A26C007EAF08 /* Sources */,
				BD1C8EE12883A26C007EAF08 /* Frameworks */,
				BD1C8EE22883A26C007EAF08 /* Resources */,
			);
			buildRules = (
			);
			dependencies = (
				BD1C8EE62883A26C007EAF08 /* PBXTargetDependency */,
			);
			name = PreworkTests;
			productName = PreworkTests;
			productReference = BD1C8EE42883A26C007EAF08 /* PreworkTests.xctest */;
			productType = "com.apple.product-type.bundle.unit-test";
		};
		BD1C8EED2883A26C007EAF08 /* PreworkUITests */ = {
			isa = PBXNativeTarget;
			buildConfigurationList = BD1C8EFE2883A26D007EAF08 /* Build configuration list for PBXNativeTarget "PreworkUITests" */;
			buildPhases = (
				BD1C8EEA2883A26C007EAF08 /* Sources */,
				BD1C8EEB2883A26C007EAF08 /* Frameworks */,
				BD1C8EEC2883A26C007EAF08 /* Resources */,
			);
			buildRules = (
			);
			dependencies = (
				BD1C8EF02883A26C007EAF08 /* PBXTargetDependency */,
			);
			name = PreworkUITests;
			productName = PreworkUITests;
			productReference = BD1C8EEE2883A26C007EAF08 /* PreworkUITests.xctest */;
			productType = "com.apple.product-type.bundle.ui-testing";
		};
/* End PBXNativeTarget section */

/* Begin PBXProject section */
		BD1C8EC62883A269007EAF08 /* Project object */ = {
			isa = PBXProject;
			attributes = {
				BuildIndependentTargetsInParallel = 1;
				LastSwiftUpdateCheck = 1340;
				LastUpgradeCheck = 1340;
				TargetAttributes = {
					BD1C8ECD2883A269007EAF08 = {
						CreatedOnToolsVersion = 13.4.1;
					};
					BD1C8EE32883A26C007EAF08 = {
						CreatedOnToolsVersion = 13.4.1;
						TestTargetID = BD1C8ECD2883A269007EAF08;
					};
					BD1C8EED2883A26C007EAF08 = {
						CreatedOnToolsVersion = 13.4.1;
						TestTargetID = BD1C8ECD2883A269007EAF08;
					};
				};
			};
			buildConfigurationList = BD1C8EC92883A269007EAF08 /* Build configuration list for PBXProject "Prework" */;
			compatibilityVersion = "Xcode 13.0";
			developmentRegion = en;
			hasScannedForEncodings = 0;
			knownRegions = (
				en,
				Base,
			);
			mainGroup = BD1C8EC52883A269007EAF08;
			productRefGroup = BD1C8ECF2883A269007EAF08 /* Products */;
			projectDirPath = "";
			projectRoot = "";
			targets = (
				BD1C8ECD2883A269007EAF08 /* Prework */,
				BD1C8EE32883A26C007EAF08 /* PreworkTests */,
				BD1C8EED2883A26C007EAF08 /* PreworkUITests */,
			);
		};
/* End PBXProject section */

/* Begin PBXResourcesBuildPhase section */
		BD1C8ECC2883A269007EAF08 /* Resources */ = {
			isa = PBXResourcesBuildPhase;
			buildActionMask = 2147483647;
			files = (
				BD1C8EDE2883A26C007EAF08 /* LaunchScreen.storyboard in Resources */,
				BD1C8EDB2883A26C007EAF08 /* Assets.xcassets in Resources */,
				BD1C8ED92883A269007EAF08 /* Main.storyboard in Resources */,
			);
			runOnlyForDeploymentPostprocessing = 0;
		};
		BD1C8EE22883A26C007EAF08 /* Resources */ = {
			isa = PBXResourcesBuildPhase;
			buildActionMask = 2147483647;
			files = (
			);
			runOnlyForDeploymentPostprocessing = 0;
		};
		BD1C8EEC2883A26C007EAF08 /* Resources */ = {
			isa = PBXResourcesBuildPhase;
			buildActionMask = 2147483647;
			files = (
			);
			runOnlyForDeploymentPostprocessing = 0;
		};
/* End PBXResourcesBuildPhase section */

/* Begin PBXSourcesBuildPhase section */
		BD1C8ECA2883A269007EAF08 /* Sources */ = {
			isa = PBXSourcesBuildPhase;
			buildActionMask = 2147483647;
			files = (
				BD1C8ED62883A269007EAF08 /* ViewController.swift in Sources */,
				BD1C8ED22883A269007EAF08 /* AppDelegate.swift in Sources */,
				BD1C8F042883BEDA007EAF08 /* UserDefault.swift in Sources */,
				BD1C8ED42883A269007EAF08 /* SceneDelegate.swift in Sources */,
				BD1C8F022883ADBE007EAF08 /* SettingsViewController.swift in Sources */,
			);
			runOnlyForDeploymentPostprocessing = 0;
		};
		BD1C8EE02883A26C007EAF08 /* Sources */ = {
			isa = PBXSourcesBuildPhase;
			buildActionMask = 2147483647;
			files = (
				BD1C8EE92883A26C007EAF08 /* PreworkTests.swift in Sources */,
			);
			runOnlyForDeploymentPostprocessing = 0;
		};
		BD1C8EEA2883A26C007EAF08 /* Sources */ = {
			isa = PBXSourcesBuildPhase;
			buildActionMask = 2147483647;
			files = (
				BD1C8EF32883A26C007EAF08 /* PreworkUITests.swift in Sources */,
				BD1C8EF52883A26C007EAF08 /* PreworkUITestsLaunchTests.swift in Sources */,
			);
			runOnlyForDeploymentPostprocessing = 0;
		};
/* End PBXSourcesBuildPhase section */

/* Begin PBXTargetDependency section */
		BD1C8EE62883A26C007EAF08 /* PBXTargetDependency */ = {
			isa = PBXTargetDependency;
			target = BD1C8ECD2883A269007EAF08 /* Prework */;
			targetProxy = BD1C8EE52883A26C007EAF08 /* PBXContainerItemProxy */;
		};
		BD1C8EF02883A26C007EAF08 /* PBXTargetDependency */ = {
			isa = PBXTargetDependency;
			target = BD1C8ECD2883A269007EAF08 /* Prework */;
			targetProxy = BD1C8EEF2883A26C007EAF08 /* PBXContainerItemProxy */;
		};
/* End PBXTargetDependency section */

/* Begin PBXVariantGroup section */
		BD1C8ED72883A269007EAF08 /* Main.storyboard */ = {
			isa = PBXVariantGroup;
			children = (
				BD1C8ED82883A269007EAF08 /* Base */,
			);
			name = Main.storyboard;
			sourceTree = "<group>";
		};
		BD1C8EDC2883A26C007EAF08 /* LaunchScreen.storyboard */ = {
			isa = PBXVariantGroup;
			children = (
				BD1C8EDD2883A26C007EAF08 /* Base */,
			);
			name = LaunchScreen.storyboard;
			sourceTree = "<group>";
		};
/* End PBXVariantGroup section */

/* Begin XCBuildConfiguration section */
		BD1C8EF62883A26C007EAF08 /* Debug */ = {
			isa = XCBuildConfiguration;
			buildSettings = {
				ALWAYS_SEARCH_USER_PATHS = NO;
				CLANG_ANALYZER_NONNULL = YES;
				CLANG_ANALYZER_NUMBER_OBJECT_CONVERSION = YES_AGGRESSIVE;
				CLANG_CXX_LANGUAGE_STANDARD = "gnu++17";
				CLANG_ENABLE_MODULES = YES;
				CLANG_ENABLE_OBJC_ARC = YES;
				CLANG_ENABLE_OBJC_WEAK = YES;
				CLANG_WARN_BLOCK_CAPTURE_AUTORELEASING = YES;
				CLANG_WARN_BOOL_CONVERSION = YES;
				CLANG_WARN_COMMA = YES;
				CLANG_WARN_CONSTANT_CONVERSION = YES;
				CLANG_WARN_DEPRECATED_OBJC_IMPLEMENTATIONS = YES;
				CLANG_WARN_DIRECT_OBJC_ISA_USAGE = YES_ERROR;
				CLANG_WARN_DOCUMENTATION_COMMENTS = YES;
				CLANG_WARN_EMPTY_BODY = YES;
				CLANG_WARN_ENUM_CONVERSION = YES;
				CLANG_WARN_INFINITE_RECURSION = YES;
				CLANG_WARN_INT_CONVERSION = YES;
				CLANG_WARN_NON_LITERAL_NULL_CONVERSION = YES;
				CLANG_WARN_OBJC_IMPLICIT_RETAIN_SELF = YES;
				CLANG_WARN_OBJC_LITERAL_CONVERSION = YES;
				CLANG_WARN_OBJC_ROOT_CLASS = YES_ERROR;
				CLANG_WARN_QUOTED_INCLUDE_IN_FRAMEWORK_HEADER = YES;
				CLANG_WARN_RANGE_LOOP_ANALYSIS = YES;
				CLANG_WARN_STRICT_PROTOTYPES = YES;
				CLANG_WARN_SUSPICIOUS_MOVE = YES;
				CLANG_WARN_UNGUARDED_AVAILABILITY = YES_AGGRESSIVE;
				CLANG_WARN_UNREACHABLE_CODE = YES;
				CLANG_WARN__DUPLICATE_METHOD_MATCH = YES;
				COPY_PHASE_STRIP = NO;
				DEBUG_INFORMATION_FORMAT = dwarf;
				ENABLE_STRICT_OBJC_MSGSEND = YES;
				ENABLE_TESTABILITY = YES;
				GCC_C_LANGUAGE_STANDARD = gnu11;
				GCC_DYNAMIC_NO_PIC = NO;
				GCC_NO_COMMON_BLOCKS = YES;
				GCC_OPTIMIZATION_LEVEL = 0;
				GCC_PREPROCESSOR_DEFINITIONS = (
					"DEBUG=1",
					"$(inherited)",
				);
				GCC_WARN_64_TO_32_BIT_CONVERSION = YES;
				GCC_WARN_ABOUT_RETURN_TYPE = YES_ERROR;
				GCC_WARN_UNDECLARED_SELECTOR = YES;
				GCC_WARN_UNINITIALIZED_AUTOS = YES_AGGRESSIVE;
				GCC_WARN_UNUSED_FUNCTION = YES;
				GCC_WARN_UNUSED_VARIABLE = YES;
				IPHONEOS_DEPLOYMENT_TARGET = 15.5;
				MTL_ENABLE_DEBUG_INFO = INCLUDE_SOURCE;
				MTL_FAST_MATH = YES;
				ONLY_ACTIVE_ARCH = YES;
				SDKROOT = iphoneos;
				SWIFT_ACTIVE_COMPILATION_CONDITIONS = DEBUG;
				SWIFT_OPTIMIZATION_LEVEL = "-Onone";
			};
			name = Debug;
		};
		BD1C8EF72883A26C007EAF08 /* Release */ = {
			isa = XCBuildConfiguration;
			buildSettings = {
				ALWAYS_SEARCH_USER_PATHS = NO;
				CLANG_ANALYZER_NONNULL = YES;
				CLANG_ANALYZER_NUMBER_OBJECT_CONVERSION = YES_AGGRESSIVE;
				CLANG_CXX_LANGUAGE_STANDARD = "gnu++17";
				CLANG_ENABLE_MODULES = YES;
				CLANG_ENABLE_OBJC_ARC = YES;
				CLANG_ENABLE_OBJC_WEAK = YES;
				CLANG_WARN_BLOCK_CAPTURE_AUTORELEASING = YES;
				CLANG_WARN_BOOL_CONVERSION = YES;
				CLANG_WARN_COMMA = YES;
				CLANG_WARN_CONSTANT_CONVERSION = YES;
				CLANG_WARN_DEPRECATED_OBJC_IMPLEMENTATIONS = YES;
				CLANG_WARN_DIRECT_OBJC_ISA_USAGE = YES_ERROR;
				CLANG_WARN_DOCUMENTATION_COMMENTS = YES;
				CLANG_WARN_EMPTY_BODY = YES;
				CLANG_WARN_ENUM_CONVERSION = YES;
				CLANG_WARN_INFINITE_RECURSION = YES;
				CLANG_WARN_INT_CONVERSION = YES;
				CLANG_WARN_NON_LITERAL_NULL_CONVERSION = YES;
				CLANG_WARN_OBJC_IMPLICIT_RETAIN_SELF = YES;
				CLANG_WARN_OBJC_LITERAL_CONVERSION = YES;
				CLANG_WARN_OBJC_ROOT_CLASS = YES_ERROR;
				CLANG_WARN_QUOTED_INCLUDE_IN_FRAMEWORK_HEADER = YES;
				CLANG_WARN_RANGE_LOOP_ANALYSIS = YES;
				CLANG_WARN_STRICT_PROTOTYPES = YES;
				CLANG_WARN_SUSPICIOUS_MOVE = YES;
				CLANG_WARN_UNGUARDED_AVAILABILITY = YES_AGGRESSIVE;
				CLANG_WARN_UNREACHABLE_CODE = YES;
				CLANG_WARN__DUPLICATE_METHOD_MATCH = YES;
				COPY_PHASE_STRIP = NO;
				DEBUG_INFORMATION_FORMAT = "dwarf-with-dsym";
				ENABLE_NS_ASSERTIONS = NO;
				ENABLE_STRICT_OBJC_MSGSEND = YES;
				GCC_C_LANGUAGE_STANDARD = gnu11;
				GCC_NO_COMMON_BLOCKS = YES;
				GCC_WARN_64_TO_32_BIT_CONVERSION = YES;
				GCC_WARN_ABOUT_RETURN_TYPE = YES_ERROR;
				GCC_WARN_UNDECLARED_SELECTOR = YES;
				GCC_WARN_UNINITIALIZED_AUTOS = YES_AGGRESSIVE;
				GCC_WARN_UNUSED_FUNCTION = YES;
				GCC_WARN_UNUSED_VARIABLE = YES;
				IPHONEOS_DEPLOYMENT_TARGET = 15.5;
				MTL_ENABLE_DEBUG_INFO = NO;
				MTL_FAST_MATH = YES;
				SDKROOT = iphoneos;
				SWIFT_COMPILATION_MODE = wholemodule;
				SWIFT_OPTIMIZATION_LEVEL = "-O";
				VALIDATE_PRODUCT = YES;
			};
			name = Release;
		};
		BD1C8EF92883A26D007EAF08 /* Debug */ = {
			isa = XCBuildConfiguration;
			buildSettings = {
				ASSETCATALOG_COMPILER_APPICON_NAME = AppIcon;
				ASSETCATALOG_COMPILER_GLOBAL_ACCENT_COLOR_NAME = AccentColor;
				CODE_SIGN_STYLE = Automatic;
				CURRENT_PROJECT_VERSION = 1;
				GENERATE_INFOPLIST_FILE = YES;
				INFOPLIST_FILE = Prework/Info.plist;
				INFOPLIST_KEY_UIApplicationSupportsIndirectInputEvents = YES;
				INFOPLIST_KEY_UILaunchStoryboardName = LaunchScreen;
				INFOPLIST_KEY_UIMainStoryboardFile = Main;
				INFOPLIST_KEY_UISupportedInterfaceOrientations_iPad = "UIInterfaceOrientationPortrait UIInterfaceOrientationPortraitUpsideDown UIInterfaceOrientationLandscapeLeft UIInterfaceOrientationLandscapeRight";
				INFOPLIST_KEY_UISupportedInterfaceOrientations_iPhone = "UIInterfaceOrientationPortrait UIInterfaceOrientationLandscapeLeft UIInterfaceOrientationLandscapeRight";
				LD_RUNPATH_SEARCH_PATHS = (
					"$(inherited)",
					"@executable_path/Frameworks",
				);
				MARKETING_VERSION = 1.0;
				PRODUCT_BUNDLE_IDENTIFIER = memo.com.Prework;
				PRODUCT_NAME = "$(TARGET_NAME)";
				SWIFT_EMIT_LOC_STRINGS = YES;
				SWIFT_VERSION = 5.0;
				TARGETED_DEVICE_FAMILY = "1,2";
			};
			name = Debug;
		};
		BD1C8EFA2883A26D007EAF08 /* Release */ = {
			isa = XCBuildConfiguration;
			buildSettings = {
				ASSETCATALOG_COMPILER_APPICON_NAME = AppIcon;
				ASSETCATALOG_COMPILER_GLOBAL_ACCENT_COLOR_NAME = AccentColor;
				CODE_SIGN_STYLE = Automatic;
				CURRENT_PROJECT_VERSION = 1;
				GENERATE_INFOPLIST_FILE = YES;
				INFOPLIST_FILE = Prework/Info.plist;
				INFOPLIST_KEY_UIApplicationSupportsIndirectInputEvents = YES;
				INFOPLIST_KEY_UILaunchStoryboardName = LaunchScreen;
				INFOPLIST_KEY_UIMainStoryboardFile = Main;
				INFOPLIST_KEY_UISupportedInterfaceOrientations_iPad = "UIInterfaceOrientationPortrait UIInterfaceOrientationPortraitUpsideDown UIInterfaceOrientationLandscapeLeft UIInterfaceOrientationLandscapeRight";
				INFOPLIST_KEY_UISupportedInterfaceOrientations_iPhone = "UIInterfaceOrientationPortrait UIInterfaceOrientationLandscapeLeft UIInterfaceOrientationLandscapeRight";
				LD_RUNPATH_SEARCH_PATHS = (
					"$(inherited)",
					"@executable_path/Frameworks",
				);
				MARKETING_VERSION = 1.0;
				PRODUCT_BUNDLE_IDENTIFIER = memo.com.Prework;
				PRODUCT_NAME = "$(TARGET_NAME)";
				SWIFT_EMIT_LOC_STRINGS = YES;
				SWIFT_VERSION = 5.0;
				TARGETED_DEVICE_FAMILY = "1,2";
			};
			name = Release;
		};
		BD1C8EFC2883A26D007EAF08 /* Debug */ = {
			isa = XCBuildConfiguration;
			buildSettings = {
				ALWAYS_EMBED_SWIFT_STANDARD_LIBRARIES = YES;
				BUNDLE_LOADER = "$(TEST_HOST)";
				CODE_SIGN_STYLE = Automatic;
				CURRENT_PROJECT_VERSION = 1;
				GENERATE_INFOPLIST_FILE = YES;
				IPHONEOS_DEPLOYMENT_TARGET = 15.5;
				MARKETING_VERSION = 1.0;
				PRODUCT_BUNDLE_IDENTIFIER = memo.com.PreworkTests;
				PRODUCT_NAME = "$(TARGET_NAME)";
				SWIFT_EMIT_LOC_STRINGS = NO;
				SWIFT_VERSION = 5.0;
				TARGETED_DEVICE_FAMILY = "1,2";
				TEST_HOST = "$(BUILT_PRODUCTS_DIR)/Prework.app/Prework";
			};
			name = Debug;
		};
		BD1C8EFD2883A26D007EAF08 /* Release */ = {
			isa = XCBuildConfiguration;
			buildSettings = {
				ALWAYS_EMBED_SWIFT_STANDARD_LIBRARIES = YES;
				BUNDLE_LOADER = "$(TEST_HOST)";
				CODE_SIGN_STYLE = Automatic;
				CURRENT_PROJECT_VERSION = 1;
				GENERATE_INFOPLIST_FILE = YES;
				IPHONEOS_DEPLOYMENT_TARGET = 15.5;
				MARKETING_VERSION = 1.0;
				PRODUCT_BUNDLE_IDENTIFIER = memo.com.PreworkTests;
				PRODUCT_NAME = "$(TARGET_NAME)";
				SWIFT_EMIT_LOC_STRINGS = NO;
				SWIFT_VERSION = 5.0;
				TARGETED_DEVICE_FAMILY = "1,2";
				TEST_HOST = "$(BUILT_PRODUCTS_DIR)/Prework.app/Prework";
			};
			name = Release;
		};
		BD1C8EFF2883A26D007EAF08 /* Debug */ = {
			isa = XCBuildConfiguration;
			buildSettings = {
				ALWAYS_EMBED_SWIFT_STANDARD_LIBRARIES = YES;
				CODE_SIGN_STYLE = Automatic;
				CURRENT_PROJECT_VERSION = 1;
				GENERATE_INFOPLIST_FILE = YES;
				MARKETING_VERSION = 1.0;
				PRODUCT_BUNDLE_IDENTIFIER = memo.com.PreworkUITests;
				PRODUCT_NAME = "$(TARGET_NAME)";
				SWIFT_EMIT_LOC_STRINGS = NO;
				SWIFT_VERSION = 5.0;
				TARGETED_DEVICE_FAMILY = "1,2";
				TEST_TARGET_NAME = Prework;
			};
			name = Debug;
		};
		BD1C8F002883A26D007EAF08 /* Release */ = {
			isa = XCBuildConfiguration;
			buildSettings = {
				ALWAYS_EMBED_SWIFT_STANDARD_LIBRARIES = YES;
				CODE_SIGN_STYLE = Automatic;
				CURRENT_PROJECT_VERSION = 1;
				GENERATE_INFOPLIST_FILE = YES;
				MARKETING_VERSION = 1.0;
				PRODUCT_BUNDLE_IDENTIFIER = memo.com.PreworkUITests;
				PRODUCT_NAME = "$(TARGET_NAME)";
				SWIFT_EMIT_LOC_STRINGS = NO;
				SWIFT_VERSION = 5.0;
				TARGETED_DEVICE_FAMILY = "1,2";
				TEST_TARGET_NAME = Prework;
			};
			name = Release;
		};
/* End XCBuildConfiguration section */

/* Begin XCConfigurationList section */
		BD1C8EC92883A269007EAF08 /* Build configuration list for PBXProject "Prework" */ = {
			isa = XCConfigurationList;
			buildConfigurations = (
				BD1C8EF62883A26C007EAF08 /* Debug */,
				BD1C8EF72883A26C007EAF08 /* Release */,
			);
			defaultConfigurationIsVisible = 0;
			defaultConfigurationName = Release;
		};
		BD1C8EF82883A26D007EAF08 /* Build configuration list for PBXNativeTarget "Prework" */ = {
			isa = XCConfigurationList;
			buildConfigurations = (
				BD1C8EF92883A26D007EAF08 /* Debug */,
				BD1C8EFA2883A26D007EAF08 /* Release */,
			);
			defaultConfigurationIsVisible = 0;
			defaultConfigurationName = Release;
		};
		BD1C8EFB2883A26D007EAF08 /* Build configuration list for PBXNativeTarget "PreworkTests" */ = {
			isa = XCConfigurationList;
			buildConfigurations = (
				BD1C8EFC2883A26D007EAF08 /* Debug */,
				BD1C8EFD2883A26D007EAF08 /* Release */,
			);
			defaultConfigurationIsVisible = 0;
			defaultConfigurationName = Release;
		};
		BD1C8EFE2883A26D007EAF08 /* Build configuration list for PBXNativeTarget "PreworkUITests" */ = {
			isa = XCConfigurationList;
			buildConfigurations = (
				BD1C8EFF2883A26D007EAF08 /* Debug */,
				BD1C8F002883A26D007EAF08 /* Release */,
			);
			defaultConfigurationIsVisible = 0;
			defaultConfigurationName = Release;
		};
/* End XCConfigurationList section */
	};
	rootObject = BD1C8EC62883A269007EAF08 /* Project object */;
}
